{
  "name": "sfdc-trigger-framework",
  "version": "1.3.0",
  "lockfileVersion": 2,
  "requires": true,
  "packages": {
    "": {
      "name": "sfdc-trigger-framework",
      "version": "1.3.0",
      "hasInstallScript": true,
      "license": "MIT",
      "dependencies": {
        "sfdc-pkg-postinstall": "^1.0.0"
      }
    },
    "node_modules/sfdc-pkg-postinstall": {
      "version": "1.0.0",
      "resolved": "https://registry.npmjs.org/sfdc-pkg-postinstall/-/sfdc-pkg-postinstall-1.0.0.tgz",
      "integrity": "sha512-+gJMt92oJ+Lk/FOwEsj3FufNkaVTm0m+5FSqmgiC698SmJ40ZrB9h1m9yZnCLDNJSpv7kB/t5JYkMDDBaB1Iow=="
    }
  },
  "dependencies": {
    "sfdc-pkg-postinstall": {
      "version": "1.0.0",
      "resolved": "https://registry.npmjs.org/sfdc-pkg-postinstall/-/sfdc-pkg-postinstall-1.0.0.tgz",
      "integrity": "sha512-+gJMt92oJ+Lk/FOwEsj3FufNkaVTm0m+5FSqmgiC698SmJ40ZrB9h1m9yZnCLDNJSpv7kB/t5JYkMDDBaB1Iow=="
    }
  }
}
